{
  "name": "server",
  "version": "1.0.0",
  "lockfileVersion": 1,
  "requires": true,
  "dependencies": {
    "@types/node": {
      "version": "10.0.4",
      "resolved": "https://registry.npmjs.org/@types/node/-/node-10.0.4.tgz",
      "integrity": "sha512-RisaZmcmCLjRipAY7nVi3fmkIk4Z0JMn8YHdGF6qYMsIDpD0dfzz+3yy2dL5Q5aHWOnqPx51IRxkA44myknJvw==",
      "dev": true
    },
    "@types/superagent": {
      "version": "3.5.8",
      "resolved": "https://registry.npmjs.org/@types/superagent/-/superagent-3.5.8.tgz",
      "integrity": "sha512-+u55ca5A0YO0d9ZjaoDKvM/N3NINH4eYiE42jgqYfkqfVt76BHcf00itQ9CyoPNu7IewEovIESI2Gt1W+NVfZg==",
      "dev": true,
      "requires": {
        "@types/node": "10.0.4"
      }
    }
  }
}
